
Microsoft Visual Studio Solution File, Format Version 12.00
# Visual Studio Version 16
VisualStudioVersion = 16.0.32802.440
MinimumVisualStudioVersion = 10.0.40219.1
Project("{9A19103F-16F7-4668-BE54-9A1E7A4F7556}") = "astoriaTrainingAPI", "astoriaTrainingAPI\astoriaTrainingAPI.csproj", "{1751CD99-B732-452E-82D4-1FE13A313C79}"
EndProject
Project("{9A19103F-16F7-4668-BE54-9A1E7A4F7556}") = "astoriaTrainng8UnitTesting", "astoriaTrainng8UnitTesting\astoriaTrainng8UnitTesting.csproj", "{398E6BE7-325C-4916-8160-A2A1B7604ADF}"
EndProject
Global
	GlobalSection(SolutionConfigurationPlatforms) = preSolution
		Debug|Any CPU = Debug|Any CPU
		Release|Any CPU = Release|Any CPU
	EndGlobalSection
	GlobalSection(ProjectConfigurationPlatforms) = postSolution
		{1751CD99-B732-452E-82D4-1FE13A313C79}.Debug|Any CPU.ActiveCfg = Debug|Any CPU
		{1751CD99-B732-452E-82D4-1FE13A313C79}.Debug|Any CPU.Build.0 = Debug|Any CPU
		{1751CD99-B732-452E-82D4-1FE13A313C79}.Release|Any CPU.ActiveCfg = Release|Any CPU
		{1751CD99-B732-452E-82D4-1FE13A313C79}.Release|Any CPU.Build.0 = Release|Any CPU
		{398E6BE7-325C-4916-8160-A2A1B7604ADF}.Debug|Any CPU.ActiveCfg = Debug|Any CPU
		{398E6BE7-325C-4916-8160-A2A1B7604ADF}.Debug|Any CPU.Build.0 = Debug|Any CPU
		{398E6BE7-325C-4916-8160-A2A1B7604ADF}.Release|Any CPU.ActiveCfg = Release|Any CPU
		{398E6BE7-325C-4916-8160-A2A1B7604ADF}.Release|Any CPU.Build.0 = Release|Any CPU
	EndGlobalSection
	GlobalSection(SolutionProperties) = preSolution
		HideSolutionNode = FALSE
	EndGlobalSection
	GlobalSection(ExtensibilityGlobals) = postSolution
		SolutionGuid = {CAAD82AF-18C7-477F-8983-027E46D5FFC8}
	EndGlobalSection
EndGlobal
